{
  "originHash" : "2a6dd4690782eafea32e6e7295c65202dfd26738f2ea7ea9dea09c65b0d93057",
  "pins" : [
    {
      "identity" : "ollamakit",
      "kind" : "remoteSourceControl",
      "location" : "https://github.com/kevinhermawan/OllamaKit.git",
      "state" : {
        "revision" : "8264a8766c391427944cd4d55304bdfdcb8fdfee",
        "version" : "5.0.0"
      }
    }
  ],
  "version" : 3
}
